
Microsoft Visual Studio Solution File, Format Version 12.00
# Visual Studio Version 16
VisualStudioVersion = 16.0.31313.79
MinimumVisualStudioVersion = 10.0.40219.1
Project("{9A19103F-16F7-4668-BE54-9A1E7A4F7556}") = "Prueba.Crud.Api", "Prueba.Crud.Api\Prueba.Crud.Api.csproj", "{5066186B-C10D-4954-934D-0882BC02CB8F}"
EndProject
Project("{9A19103F-16F7-4668-BE54-9A1E7A4F7556}") = "Prueba.Crud.Core", "Prueba.Crud.Core\Prueba.Crud.Core.csproj", "{B3600DE5-D310-42E5-B3CC-537D7DEC4E71}"
EndProject
Project("{9A19103F-16F7-4668-BE54-9A1E7A4F7556}") = "Prueba.Crud.Infrastructure", "Prueba.Crud.Infrastructure\Prueba.Crud.Infrastructure.csproj", "{4864F00A-B0F3-4D57-8B22-DE777237E4E9}"
EndProject
Global
	GlobalSection(SolutionConfigurationPlatforms) = preSolution
		Debug|Any CPU = Debug|Any CPU
		Release|Any CPU = Release|Any CPU
	EndGlobalSection
	GlobalSection(ProjectConfigurationPlatforms) = postSolution
		{5066186B-C10D-4954-934D-0882BC02CB8F}.Debug|Any CPU.ActiveCfg = Debug|Any CPU
		{5066186B-C10D-4954-934D-0882BC02CB8F}.Debug|Any CPU.Build.0 = Debug|Any CPU
		{5066186B-C10D-4954-934D-0882BC02CB8F}.Release|Any CPU.ActiveCfg = Release|Any CPU
		{5066186B-C10D-4954-934D-0882BC02CB8F}.Release|Any CPU.Build.0 = Release|Any CPU
		{B3600DE5-D310-42E5-B3CC-537D7DEC4E71}.Debug|Any CPU.ActiveCfg = Debug|Any CPU
		{B3600DE5-D310-42E5-B3CC-537D7DEC4E71}.Debug|Any CPU.Build.0 = Debug|Any CPU
		{B3600DE5-D310-42E5-B3CC-537D7DEC4E71}.Release|Any CPU.ActiveCfg = Release|Any CPU
		{B3600DE5-D310-42E5-B3CC-537D7DEC4E71}.Release|Any CPU.Build.0 = Release|Any CPU
		{4864F00A-B0F3-4D57-8B22-DE777237E4E9}.Debug|Any CPU.ActiveCfg = Debug|Any CPU
		{4864F00A-B0F3-4D57-8B22-DE777237E4E9}.Debug|Any CPU.Build.0 = Debug|Any CPU
		{4864F00A-B0F3-4D57-8B22-DE777237E4E9}.Release|Any CPU.ActiveCfg = Release|Any CPU
		{4864F00A-B0F3-4D57-8B22-DE777237E4E9}.Release|Any CPU.Build.0 = Release|Any CPU
	EndGlobalSection
	GlobalSection(SolutionProperties) = preSolution
		HideSolutionNode = FALSE
	EndGlobalSection
	GlobalSection(ExtensibilityGlobals) = postSolution
		SolutionGuid = {89BF17AA-834E-4C1C-BCB0-A2DD1A76E6C1}
	EndGlobalSection
EndGlobal
